
Microsoft Visual Studio Solution File, Format Version 12.00
# Visual Studio Version 16
VisualStudioVersion = 16.0.31205.134
MinimumVisualStudioVersion = 10.0.40219.1
Project("{9A19103F-16F7-4668-BE54-9A1E7A4F7556}") = "MyMarketProject", "MyMarketProject\MyMarketProject.csproj", "{BEA02860-D4C1-4B0D-B1D0-587BCD0293DD}"
EndProject
Project("{FAE04EC0-301F-11D3-BF4B-00C04F79EFBC}") = "Entities", "Entities\Entities.csproj", "{0D43B051-D4F2-48D8-97D3-183F69EF43FA}"
EndProject
Project("{FAE04EC0-301F-11D3-BF4B-00C04F79EFBC}") = "Business", "Business\Business.csproj", "{FAF24750-C547-49A4-9386-6EFCF9604FB3}"
EndProject
Project("{FAE04EC0-301F-11D3-BF4B-00C04F79EFBC}") = "Core", "Core\Core.csproj", "{0192EE05-8976-4B4E-8A44-AE99B9CD92AA}"
EndProject
Project("{FAE04EC0-301F-11D3-BF4B-00C04F79EFBC}") = "DataAccess", "DataAccess\DataAccess.csproj", "{6487BF22-C85C-44A0-B8AA-B7A97257017A}"
EndProject
Global
	GlobalSection(SolutionConfigurationPlatforms) = preSolution
		Debug|Any CPU = Debug|Any CPU
		Release|Any CPU = Release|Any CPU
	EndGlobalSection
	GlobalSection(ProjectConfigurationPlatforms) = postSolution
		{BEA02860-D4C1-4B0D-B1D0-587BCD0293DD}.Debug|Any CPU.ActiveCfg = Debug|Any CPU
		{BEA02860-D4C1-4B0D-B1D0-587BCD0293DD}.Debug|Any CPU.Build.0 = Debug|Any CPU
		{BEA02860-D4C1-4B0D-B1D0-587BCD0293DD}.Release|Any CPU.ActiveCfg = Release|Any CPU
		{BEA02860-D4C1-4B0D-B1D0-587BCD0293DD}.Release|Any CPU.Build.0 = Release|Any CPU
		{0D43B051-D4F2-48D8-97D3-183F69EF43FA}.Debug|Any CPU.ActiveCfg = Debug|Any CPU
		{0D43B051-D4F2-48D8-97D3-183F69EF43FA}.Debug|Any CPU.Build.0 = Debug|Any CPU
		{0D43B051-D4F2-48D8-97D3-183F69EF43FA}.Release|Any CPU.ActiveCfg = Release|Any CPU
		{0D43B051-D4F2-48D8-97D3-183F69EF43FA}.Release|Any CPU.Build.0 = Release|Any CPU
		{FAF24750-C547-49A4-9386-6EFCF9604FB3}.Debug|Any CPU.ActiveCfg = Debug|Any CPU
		{FAF24750-C547-49A4-9386-6EFCF9604FB3}.Debug|Any CPU.Build.0 = Debug|Any CPU
		{FAF24750-C547-49A4-9386-6EFCF9604FB3}.Release|Any CPU.ActiveCfg = Release|Any CPU
		{FAF24750-C547-49A4-9386-6EFCF9604FB3}.Release|Any CPU.Build.0 = Release|Any CPU
		{0192EE05-8976-4B4E-8A44-AE99B9CD92AA}.Debug|Any CPU.ActiveCfg = Debug|Any CPU
		{0192EE05-8976-4B4E-8A44-AE99B9CD92AA}.Debug|Any CPU.Build.0 = Debug|Any CPU
		{0192EE05-8976-4B4E-8A44-AE99B9CD92AA}.Release|Any CPU.ActiveCfg = Release|Any CPU
		{0192EE05-8976-4B4E-8A44-AE99B9CD92AA}.Release|Any CPU.Build.0 = Release|Any CPU
		{6487BF22-C85C-44A0-B8AA-B7A97257017A}.Debug|Any CPU.ActiveCfg = Debug|Any CPU
		{6487BF22-C85C-44A0-B8AA-B7A97257017A}.Debug|Any CPU.Build.0 = Debug|Any CPU
		{6487BF22-C85C-44A0-B8AA-B7A97257017A}.Release|Any CPU.ActiveCfg = Release|Any CPU
		{6487BF22-C85C-44A0-B8AA-B7A97257017A}.Release|Any CPU.Build.0 = Release|Any CPU
	EndGlobalSection
	GlobalSection(SolutionProperties) = preSolution
		HideSolutionNode = FALSE
	EndGlobalSection
	GlobalSection(ExtensibilityGlobals) = postSolution
		SolutionGuid = {72875A53-8CF4-4D57-A2BE-85F7E608904F}
	EndGlobalSection
EndGlobal
